
Microsoft Visual Studio Solution File, Format Version 12.00
# Visual Studio Version 17
VisualStudioVersion = 17.13.35931.197 d17.13
MinimumVisualStudioVersion = 10.0.40219.1
Project("{FAE04EC0-301F-11D3-BF4B-00C04F79EFBC}") = "StorageOveloading", "StorageOveloading.csproj", "{C281F523-20AF-4812-A272-60D2770571F4}"
EndProject
Global
	GlobalSection(SolutionConfigurationPlatforms) = preSolution
		Debug|Any CPU = Debug|Any CPU
		Release|Any CPU = Release|Any CPU
	EndGlobalSection
	GlobalSection(ProjectConfigurationPlatforms) = postSolution
		{C281F523-20AF-4812-A272-60D2770571F4}.Debug|Any CPU.ActiveCfg = Debug|Any CPU
		{C281F523-20AF-4812-A272-60D2770571F4}.Debug|Any CPU.Build.0 = Debug|Any CPU
		{C281F523-20AF-4812-A272-60D2770571F4}.Release|Any CPU.ActiveCfg = Release|Any CPU
		{C281F523-20AF-4812-A272-60D2770571F4}.Release|Any CPU.Build.0 = Release|Any CPU
	EndGlobalSection
	GlobalSection(SolutionProperties) = preSolution
		HideSolutionNode = FALSE
	EndGlobalSection
	GlobalSection(ExtensibilityGlobals) = postSolution
		SolutionGuid = {A9019E6F-57E6-43DA-A37D-5D93B2F066F3}
	EndGlobalSection
EndGlobal
