
Microsoft Visual Studio Solution File, Format Version 12.00
# Visual Studio Version 17
VisualStudioVersion = 17.8.34322.80
MinimumVisualStudioVersion = 10.0.40219.1
Project("{FAE04EC0-301F-11D3-BF4B-00C04F79EFBC}") = "MouseJammer", "MouseJammer.csproj", "{069203AA-41D5-4EC4-95E3-94F84839F155}"
EndProject
Global
	GlobalSection(SolutionConfigurationPlatforms) = preSolution
		Debug|Any CPU = Debug|Any CPU
		Release|Any CPU = Release|Any CPU
	EndGlobalSection
	GlobalSection(ProjectConfigurationPlatforms) = postSolution
		{069203AA-41D5-4EC4-95E3-94F84839F155}.Debug|Any CPU.ActiveCfg = Debug|Any CPU
		{069203AA-41D5-4EC4-95E3-94F84839F155}.Debug|Any CPU.Build.0 = Debug|Any CPU
		{069203AA-41D5-4EC4-95E3-94F84839F155}.Release|Any CPU.ActiveCfg = Release|Any CPU
		{069203AA-41D5-4EC4-95E3-94F84839F155}.Release|Any CPU.Build.0 = Release|Any CPU
	EndGlobalSection
	GlobalSection(SolutionProperties) = preSolution
		HideSolutionNode = FALSE
	EndGlobalSection
	GlobalSection(ExtensibilityGlobals) = postSolution
		SolutionGuid = {355205E6-70EB-462B-8AC3-B1852B42E523}
	EndGlobalSection
EndGlobal
