
Microsoft Visual Studio Solution File, Format Version 12.00
# Visual Studio Version 17
VisualStudioVersion = 17.8.34322.80
MinimumVisualStudioVersion = 10.0.40219.1
Project("{FAE04EC0-301F-11D3-BF4B-00C04F79EFBC}") = "RemoteScreenshot", "RemoteScreenshot.csproj", "{53EF91B9-3785-4C43-BA1F-720D580E5EC8}"
EndProject
Global
	GlobalSection(SolutionConfigurationPlatforms) = preSolution
		Debug|Any CPU = Debug|Any CPU
		Release|Any CPU = Release|Any CPU
	EndGlobalSection
	GlobalSection(ProjectConfigurationPlatforms) = postSolution
		{53EF91B9-3785-4C43-BA1F-720D580E5EC8}.Debug|Any CPU.ActiveCfg = Debug|Any CPU
		{53EF91B9-3785-4C43-BA1F-720D580E5EC8}.Debug|Any CPU.Build.0 = Debug|Any CPU
		{53EF91B9-3785-4C43-BA1F-720D580E5EC8}.Release|Any CPU.ActiveCfg = Release|Any CPU
		{53EF91B9-3785-4C43-BA1F-720D580E5EC8}.Release|Any CPU.Build.0 = Release|Any CPU
	EndGlobalSection
	GlobalSection(SolutionProperties) = preSolution
		HideSolutionNode = FALSE
	EndGlobalSection
	GlobalSection(ExtensibilityGlobals) = postSolution
		SolutionGuid = {0FAA5F1B-7773-4291-A7DF-B48D9C087A7E}
	EndGlobalSection
EndGlobal
